// !$*UTF8*$!
{
	archiveVersion = 1;
	classes = {
	};
	objectVersion = 51;
	objects = {

/* Begin PBXBuildFile section */
		7D7820F926577D9D001C5F90 /* AppDelegate.swift in Sources */ = {isa = PBXBuildFile; fileRef = 7D7820F826577D9D001C5F90 /* AppDelegate.swift */; };
		7D7820FB26577D9D001C5F90 /* SceneDelegate.swift in Sources */ = {isa = PBXBuildFile; fileRef = 7D7820FA26577D9D001C5F90 /* SceneDelegate.swift */; };
		7D78210226577D9E001C5F90 /* Assets.xcassets in Resources */ = {isa = PBXBuildFile; fileRef = 7D78210126577D9E001C5F90 /* Assets.xcassets */; };
		7D78211126578295001C5F90 /* Coordinator.swift in Sources */ = {isa = PBXBuildFile; fileRef = 7D78211026578295001C5F90 /* Coordinator.swift */; };
		7D782113265782D1001C5F90 /* TypeKeyDictionary.swift in Sources */ = {isa = PBXBuildFile; fileRef = 7D782112265782D1001C5F90 /* TypeKeyDictionary.swift */; };
		7D7821152657843D001C5F90 /* RootCoordinator.swift in Sources */ = {isa = PBXBuildFile; fileRef = 7D7821142657843D001C5F90 /* RootCoordinator.swift */; };
		7D7821172657D7BE001C5F90 /* Storyboarded.swift in Sources */ = {isa = PBXBuildFile; fileRef = 7D7821162657D7BE001C5F90 /* Storyboarded.swift */; };
		7D7821222657E177001C5F90 /* Launch Screen.storyboard in Resources */ = {isa = PBXBuildFile; fileRef = 7D7821212657E177001C5F90 /* Launch Screen.storyboard */; };
		7D7821262657E3A7001C5F90 /* ImageSearchViewController.swift in Sources */ = {isa = PBXBuildFile; fileRef = 7D7821252657E3A7001C5F90 /* ImageSearchViewController.swift */; };
		7D7821282657E3B8001C5F90 /* ImageSearchViewController.storyboard in Resources */ = {isa = PBXBuildFile; fileRef = 7D7821272657E3B8001C5F90 /* ImageSearchViewController.storyboard */; };
		7D78212A2657E3EE001C5F90 /* ImageSearchCoordinator.swift in Sources */ = {isa = PBXBuildFile; fileRef = 7D7821292657E3EE001C5F90 /* ImageSearchCoordinator.swift */; };
		7D78212C2657EC3E001C5F90 /* ImageSearchViewModel.swift in Sources */ = {isa = PBXBuildFile; fileRef = 7D78212B2657EC3E001C5F90 /* ImageSearchViewModel.swift */; };
		7D78212E2657EDB4001C5F90 /* ViewModelBindable.swift in Sources */ = {isa = PBXBuildFile; fileRef = 7D78212D2657EDB4001C5F90 /* ViewModelBindable.swift */; };
		7D7821322657F6AC001C5F90 /* Private.swift in Sources */ = {isa = PBXBuildFile; fileRef = 7D7821312657F6AC001C5F90 /* Private.swift */; };
		7D78213A2657FB10001C5F90 /* ImageSearcherTests.swift in Sources */ = {isa = PBXBuildFile; fileRef = 7D7821392657FB10001C5F90 /* ImageSearcherTests.swift */; };
		AB70DD77C2A833DDAA6EC9EE /* Pods_ImageSearcher.framework in Frameworks */ = {isa = PBXBuildFile; fileRef = 4B481A3C9F1ED29F2A252F60 /* Pods_ImageSearcher.framework */; };
/* End PBXBuildFile section */

/* Begin PBXContainerItemProxy section */
		7D78213C2657FB10001C5F90 /* PBXContainerItemProxy */ = {
			isa = PBXContainerItemProxy;
			containerPortal = 7D7820ED26577D9D001C5F90 /* Project object */;
			proxyType = 1;
			remoteGlobalIDString = 7D7820F426577D9D001C5F90;
			remoteInfo = ImageSearcher;
		};
/* End PBXContainerItemProxy section */

/* Begin PBXFileReference section */
		4B481A3C9F1ED29F2A252F60 /* Pods_ImageSearcher.framework */ = {isa = PBXFileReference; explicitFileType = wrapper.framework; includeInIndex = 0; path = Pods_ImageSearcher.framework; sourceTree = BUILT_PRODUCTS_DIR; };
		7D7820F526577D9D001C5F90 /* ImageSearcher.app */ = {isa = PBXFileReference; explicitFileType = wrapper.application; includeInIndex = 0; path = ImageSearcher.app; sourceTree = BUILT_PRODUCTS_DIR; };
		7D7820F826577D9D001C5F90 /* AppDelegate.swift */ = {isa = PBXFileReference; lastKnownFileType = sourcecode.swift; path = AppDelegate.swift; sourceTree = "<group>"; };
		7D7820FA26577D9D001C5F90 /* SceneDelegate.swift */ = {isa = PBXFileReference; lastKnownFileType = sourcecode.swift; path = SceneDelegate.swift; sourceTree = "<group>"; };
		7D78210126577D9E001C5F90 /* Assets.xcassets */ = {isa = PBXFileReference; lastKnownFileType = folder.assetcatalog; path = Assets.xcassets; sourceTree = "<group>"; };
		7D78210626577D9E001C5F90 /* Info.plist */ = {isa = PBXFileReference; lastKnownFileType = text.plist.xml; path = Info.plist; sourceTree = "<group>"; };
		7D78211026578295001C5F90 /* Coordinator.swift */ = {isa = PBXFileReference; lastKnownFileType = sourcecode.swift; path = Coordinator.swift; sourceTree = "<group>"; };
		7D782112265782D1001C5F90 /* TypeKeyDictionary.swift */ = {isa = PBXFileReference; lastKnownFileType = sourcecode.swift; path = TypeKeyDictionary.swift; sourceTree = "<group>"; };
		7D7821142657843D001C5F90 /* RootCoordinator.swift */ = {isa = PBXFileReference; lastKnownFileType = sourcecode.swift; path = RootCoordinator.swift; sourceTree = "<group>"; };
		7D7821162657D7BE001C5F90 /* Storyboarded.swift */ = {isa = PBXFileReference; lastKnownFileType = sourcecode.swift; path = Storyboarded.swift; sourceTree = "<group>"; };
		7D7821212657E177001C5F90 /* Launch Screen.storyboard */ = {isa = PBXFileReference; lastKnownFileType = file.storyboard; path = "Launch Screen.storyboard"; sourceTree = "<group>"; };
		7D7821252657E3A7001C5F90 /* ImageSearchViewController.swift */ = {isa = PBXFileReference; lastKnownFileType = sourcecode.swift; path = ImageSearchViewController.swift; sourceTree = "<group>"; };
		7D7821272657E3B8001C5F90 /* ImageSearchViewController.storyboard */ = {isa = PBXFileReference; lastKnownFileType = file.storyboard; path = ImageSearchViewController.storyboard; sourceTree = "<group>"; };
		7D7821292657E3EE001C5F90 /* ImageSearchCoordinator.swift */ = {isa = PBXFileReference; lastKnownFileType = sourcecode.swift; path = ImageSearchCoordinator.swift; sourceTree = "<group>"; };
		7D78212B2657EC3E001C5F90 /* ImageSearchViewModel.swift */ = {isa = PBXFileReference; lastKnownFileType = sourcecode.swift; path = ImageSearchViewModel.swift; sourceTree = "<group>"; };
		7D78212D2657EDB4001C5F90 /* ViewModelBindable.swift */ = {isa = PBXFileReference; lastKnownFileType = sourcecode.swift; path = ViewModelBindable.swift; sourceTree = "<group>"; };
		7D7821312657F6AC001C5F90 /* Private.swift */ = {isa = PBXFileReference; lastKnownFileType = sourcecode.swift; path = Private.swift; sourceTree = "<group>"; };
		7D7821372657FB10001C5F90 /* ImageSearcherTests.xctest */ = {isa = PBXFileReference; explicitFileType = wrapper.cfbundle; includeInIndex = 0; path = ImageSearcherTests.xctest; sourceTree = BUILT_PRODUCTS_DIR; };
		7D7821392657FB10001C5F90 /* ImageSearcherTests.swift */ = {isa = PBXFileReference; lastKnownFileType = sourcecode.swift; path = ImageSearcherTests.swift; sourceTree = "<group>"; };
		7D78213B2657FB10001C5F90 /* Info.plist */ = {isa = PBXFileReference; lastKnownFileType = text.plist.xml; path = Info.plist; sourceTree = "<group>"; };
		AC1EDFC768243ED5EFAA9164 /* Pods-ImageSearcher.debug.xcconfig */ = {isa = PBXFileReference; includeInIndex = 1; lastKnownFileType = text.xcconfig; name = "Pods-ImageSearcher.debug.xcconfig"; path = "Target Support Files/Pods-ImageSearcher/Pods-ImageSearcher.debug.xcconfig"; sourceTree = "<group>"; };
		D6D7600ED9634EA2A8A78824 /* Pods-ImageSearcher.release.xcconfig */ = {isa = PBXFileReference; includeInIndex = 1; lastKnownFileType = text.xcconfig; name = "Pods-ImageSearcher.release.xcconfig"; path = "Target Support Files/Pods-ImageSearcher/Pods-ImageSearcher.release.xcconfig"; sourceTree = "<group>"; };
/* End PBXFileReference section */

/* Begin PBXFrameworksBuildPhase section */
		7D7820F226577D9D001C5F90 /* Frameworks */ = {
			isa = PBXFrameworksBuildPhase;
			buildActionMask = 2147483647;
			files = (
				AB70DD77C2A833DDAA6EC9EE /* Pods_ImageSearcher.framework in Frameworks */,
			);
			runOnlyForDeploymentPostprocessing = 0;
		};
		7D7821342657FB10001C5F90 /* Frameworks */ = {
			isa = PBXFrameworksBuildPhase;
			buildActionMask = 2147483647;
			files = (
			);
			runOnlyForDeploymentPostprocessing = 0;
		};
/* End PBXFrameworksBuildPhase section */

/* Begin PBXGroup section */
		42D63F68E608683C94D1EBF7 /* Pods */ = {
			isa = PBXGroup;
			children = (
				AC1EDFC768243ED5EFAA9164 /* Pods-ImageSearcher.debug.xcconfig */,
				D6D7600ED9634EA2A8A78824 /* Pods-ImageSearcher.release.xcconfig */,
			);
			path = Pods;
			sourceTree = "<group>";
		};
		7D7820EC26577D9D001C5F90 = {
			isa = PBXGroup;
			children = (
				7D7820F726577D9D001C5F90 /* ImageSearcher */,
				7D7821382657FB10001C5F90 /* ImageSearcherTests */,
				7D7820F626577D9D001C5F90 /* Products */,
				42D63F68E608683C94D1EBF7 /* Pods */,
				E6DF81322EFDFD86A211BCB5 /* Frameworks */,
			);
			sourceTree = "<group>";
		};
		7D7820F626577D9D001C5F90 /* Products */ = {
			isa = PBXGroup;
			children = (
				7D7820F526577D9D001C5F90 /* ImageSearcher.app */,
				7D7821372657FB10001C5F90 /* ImageSearcherTests.xctest */,
			);
			name = Products;
			sourceTree = "<group>";
		};
		7D7820F726577D9D001C5F90 /* ImageSearcher */ = {
			isa = PBXGroup;
			children = (
				7D78210C265780AB001C5F90 /* Features */,
				7D78210D265780B5001C5F90 /* App */,
				7D78210F26578237001C5F90 /* Utils */,
				7D78210E265781CC001C5F90 /* Core */,
				7D78210126577D9E001C5F90 /* Assets.xcassets */,
				7D78210626577D9E001C5F90 /* Info.plist */,
				7D7821212657E177001C5F90 /* Launch Screen.storyboard */,
				7D7821312657F6AC001C5F90 /* Private.swift */,
			);
			path = ImageSearcher;
			sourceTree = "<group>";
		};
		7D78210C265780AB001C5F90 /* Features */ = {
			isa = PBXGroup;
			children = (
				7D7821242657E394001C5F90 /* ImageSearch */,
			);
			path = Features;
			sourceTree = "<group>";
		};
		7D78210D265780B5001C5F90 /* App */ = {
			isa = PBXGroup;
			children = (
				7D7820F826577D9D001C5F90 /* AppDelegate.swift */,
				7D7820FA26577D9D001C5F90 /* SceneDelegate.swift */,
				7D7821142657843D001C5F90 /* RootCoordinator.swift */,
			);
			path = App;
			sourceTree = "<group>";
		};
		7D78210E265781CC001C5F90 /* Core */ = {
			isa = PBXGroup;
			children = (
				7D78211026578295001C5F90 /* Coordinator.swift */,
				7D7821162657D7BE001C5F90 /* Storyboarded.swift */,
				7D78212D2657EDB4001C5F90 /* ViewModelBindable.swift */,
			);
			path = Core;
			sourceTree = "<group>";
		};
		7D78210F26578237001C5F90 /* Utils */ = {
			isa = PBXGroup;
			children = (
				7D782112265782D1001C5F90 /* TypeKeyDictionary.swift */,
			);
			path = Utils;
			sourceTree = "<group>";
		};
		7D7821242657E394001C5F90 /* ImageSearch */ = {
			isa = PBXGroup;
			children = (
				7D7821292657E3EE001C5F90 /* ImageSearchCoordinator.swift */,
				7D78212B2657EC3E001C5F90 /* ImageSearchViewModel.swift */,
				7D7821252657E3A7001C5F90 /* ImageSearchViewController.swift */,
				7D7821272657E3B8001C5F90 /* ImageSearchViewController.storyboard */,
			);
			path = ImageSearch;
			sourceTree = "<group>";
		};
		7D7821382657FB10001C5F90 /* ImageSearcherTests */ = {
			isa = PBXGroup;
			children = (
				7D7821392657FB10001C5F90 /* ImageSearcherTests.swift */,
				7D78213B2657FB10001C5F90 /* Info.plist */,
			);
			path = ImageSearcherTests;
			sourceTree = "<group>";
		};
		E6DF81322EFDFD86A211BCB5 /* Frameworks */ = {
			isa = PBXGroup;
			children = (
				4B481A3C9F1ED29F2A252F60 /* Pods_ImageSearcher.framework */,
			);
			name = Frameworks;
			sourceTree = "<group>";
		};
/* End PBXGroup section */

/* Begin PBXNativeTarget section */
		7D7820F426577D9D001C5F90 /* ImageSearcher */ = {
			isa = PBXNativeTarget;
			buildConfigurationList = 7D78210926577D9E001C5F90 /* Build configuration list for PBXNativeTarget "ImageSearcher" */;
			buildPhases = (
				93591CA90B814071B0B7AD9F /* [CP] Check Pods Manifest.lock */,
				7D7820F126577D9D001C5F90 /* Sources */,
				7D7820F226577D9D001C5F90 /* Frameworks */,
				7D7820F326577D9D001C5F90 /* Resources */,
				B54C0D0966483AAC6FBC1F74 /* [CP] Embed Pods Frameworks */,
			);
			buildRules = (
			);
			dependencies = (
			);
			name = ImageSearcher;
			productName = ImageSearcher;
			productReference = 7D7820F526577D9D001C5F90 /* ImageSearcher.app */;
			productType = "com.apple.product-type.application";
		};
		7D7821362657FB10001C5F90 /* ImageSearcherTests */ = {
			isa = PBXNativeTarget;
			buildConfigurationList = 7D7821402657FB10001C5F90 /* Build configuration list for PBXNativeTarget "ImageSearcherTests" */;
			buildPhases = (
				7D7821332657FB10001C5F90 /* Sources */,
				7D7821342657FB10001C5F90 /* Frameworks */,
				7D7821352657FB10001C5F90 /* Resources */,
			);
			buildRules = (
			);
			dependencies = (
				7D78213D2657FB10001C5F90 /* PBXTargetDependency */,
			);
			name = ImageSearcherTests;
			productName = ImageSearcherTests;
			productReference = 7D7821372657FB10001C5F90 /* ImageSearcherTests.xctest */;
			productType = "com.apple.product-type.bundle.unit-test";
		};
/* End PBXNativeTarget section */

/* Begin PBXProject section */
		7D7820ED26577D9D001C5F90 /* Project object */ = {
			isa = PBXProject;
			attributes = {
				LastSwiftUpdateCheck = 1250;
				LastUpgradeCheck = 1250;
				TargetAttributes = {
					7D7820F426577D9D001C5F90 = {
						CreatedOnToolsVersion = 12.5;
					};
					7D7821362657FB10001C5F90 = {
						CreatedOnToolsVersion = 12.5;
						TestTargetID = 7D7820F426577D9D001C5F90;
					};
				};
			};
			buildConfigurationList = 7D7820F026577D9D001C5F90 /* Build configuration list for PBXProject "ImageSearcher" */;
			compatibilityVersion = "Xcode 9.3";
			developmentRegion = en;
			hasScannedForEncodings = 0;
			knownRegions = (
				en,
				Base,
			);
			mainGroup = 7D7820EC26577D9D001C5F90;
			productRefGroup = 7D7820F626577D9D001C5F90 /* Products */;
			projectDirPath = "";
			projectRoot = "";
			targets = (
				7D7820F426577D9D001C5F90 /* ImageSearcher */,
				7D7821362657FB10001C5F90 /* ImageSearcherTests */,
			);
		};
/* End PBXProject section */

/* Begin PBXResourcesBuildPhase section */
		7D7820F326577D9D001C5F90 /* Resources */ = {
			isa = PBXResourcesBuildPhase;
			buildActionMask = 2147483647;
			files = (
				7D7821222657E177001C5F90 /* Launch Screen.storyboard in Resources */,
				7D7821282657E3B8001C5F90 /* ImageSearchViewController.storyboard in Resources */,
				7D78210226577D9E001C5F90 /* Assets.xcassets in Resources */,
			);
			runOnlyForDeploymentPostprocessing = 0;
		};
		7D7821352657FB10001C5F90 /* Resources */ = {
			isa = PBXResourcesBuildPhase;
			buildActionMask = 2147483647;
			files = (
			);
			runOnlyForDeploymentPostprocessing = 0;
		};
/* End PBXResourcesBuildPhase section */

/* Begin PBXShellScriptBuildPhase section */
		93591CA90B814071B0B7AD9F /* [CP] Check Pods Manifest.lock */ = {
			isa = PBXShellScriptBuildPhase;
			buildActionMask = 2147483647;
			files = (
			);
			inputFileListPaths = (
			);
			inputPaths = (
				"${PODS_PODFILE_DIR_PATH}/Podfile.lock",
				"${PODS_ROOT}/Manifest.lock",
			);
			name = "[CP] Check Pods Manifest.lock";
			outputFileListPaths = (
			);
			outputPaths = (
				"$(DERIVED_FILE_DIR)/Pods-ImageSearcher-checkManifestLockResult.txt",
			);
			runOnlyForDeploymentPostprocessing = 0;
			shellPath = /bin/sh;
			shellScript = "diff \"${PODS_PODFILE_DIR_PATH}/Podfile.lock\" \"${PODS_ROOT}/Manifest.lock\" > /dev/null\nif [ $? != 0 ] ; then\n    # print error to STDERR\n    echo \"error: The sandbox is not in sync with the Podfile.lock. Run 'pod install' or update your CocoaPods installation.\" >&2\n    exit 1\nfi\n# This output is used by Xcode 'outputs' to avoid re-running this script phase.\necho \"SUCCESS\" > \"${SCRIPT_OUTPUT_FILE_0}\"\n";
			showEnvVarsInLog = 0;
		};
		B54C0D0966483AAC6FBC1F74 /* [CP] Embed Pods Frameworks */ = {
			isa = PBXShellScriptBuildPhase;
			buildActionMask = 2147483647;
			files = (
			);
			inputFileListPaths = (
				"${PODS_ROOT}/Target Support Files/Pods-ImageSearcher/Pods-ImageSearcher-frameworks-${CONFIGURATION}-input-files.xcfilelist",
			);
			name = "[CP] Embed Pods Frameworks";
			outputFileListPaths = (
				"${PODS_ROOT}/Target Support Files/Pods-ImageSearcher/Pods-ImageSearcher-frameworks-${CONFIGURATION}-output-files.xcfilelist",
			);
			runOnlyForDeploymentPostprocessing = 0;
			shellPath = /bin/sh;
			shellScript = "\"${PODS_ROOT}/Target Support Files/Pods-ImageSearcher/Pods-ImageSearcher-frameworks.sh\"\n";
			showEnvVarsInLog = 0;
		};
/* End PBXShellScriptBuildPhase section */

/* Begin PBXSourcesBuildPhase section */
		7D7820F126577D9D001C5F90 /* Sources */ = {
			isa = PBXSourcesBuildPhase;
			buildActionMask = 2147483647;
			files = (
				7D78212E2657EDB4001C5F90 /* ViewModelBindable.swift in Sources */,
				7D7820F926577D9D001C5F90 /* AppDelegate.swift in Sources */,
				7D7820FB26577D9D001C5F90 /* SceneDelegate.swift in Sources */,
				7D7821152657843D001C5F90 /* RootCoordinator.swift in Sources */,
				7D7821262657E3A7001C5F90 /* ImageSearchViewController.swift in Sources */,
				7D7821322657F6AC001C5F90 /* Private.swift in Sources */,
				7D78212A2657E3EE001C5F90 /* ImageSearchCoordinator.swift in Sources */,
				7D78211126578295001C5F90 /* Coordinator.swift in Sources */,
				7D78212C2657EC3E001C5F90 /* ImageSearchViewModel.swift in Sources */,
				7D782113265782D1001C5F90 /* TypeKeyDictionary.swift in Sources */,
				7D7821172657D7BE001C5F90 /* Storyboarded.swift in Sources */,
			);
			runOnlyForDeploymentPostprocessing = 0;
		};
		7D7821332657FB10001C5F90 /* Sources */ = {
			isa = PBXSourcesBuildPhase;
			buildActionMask = 2147483647;
			files = (
				7D78213A2657FB10001C5F90 /* ImageSearcherTests.swift in Sources */,
			);
			runOnlyForDeploymentPostprocessing = 0;
		};
/* End PBXSourcesBuildPhase section */

/* Begin PBXTargetDependency section */
		7D78213D2657FB10001C5F90 /* PBXTargetDependency */ = {
			isa = PBXTargetDependency;
			target = 7D7820F426577D9D001C5F90 /* ImageSearcher */;
			targetProxy = 7D78213C2657FB10001C5F90 /* PBXContainerItemProxy */;
		};
/* End PBXTargetDependency section */

/* Begin XCBuildConfiguration section */
		7D78210726577D9E001C5F90 /* Debug */ = {
			isa = XCBuildConfiguration;
			buildSettings = {
				ALWAYS_SEARCH_USER_PATHS = NO;
				CLANG_ANALYZER_NONNULL = YES;
				CLANG_ANALYZER_NUMBER_OBJECT_CONVERSION = YES_AGGRESSIVE;
				CLANG_CXX_LANGUAGE_STANDARD = "gnu++14";
				CLANG_CXX_LIBRARY = "libc++";
				CLANG_ENABLE_MODULES = YES;
				CLANG_ENABLE_OBJC_ARC = YES;
				CLANG_ENABLE_OBJC_WEAK = YES;
				CLANG_WARN_BLOCK_CAPTURE_AUTORELEASING = YES;
				CLANG_WARN_BOOL_CONVERSION = YES;
				CLANG_WARN_COMMA = YES;
				CLANG_WARN_CONSTANT_CONVERSION = YES;
				CLANG_WARN_DEPRECATED_OBJC_IMPLEMENTATIONS = YES;
				CLANG_WARN_DIRECT_OBJC_ISA_USAGE = YES_ERROR;
				CLANG_WARN_DOCUMENTATION_COMMENTS = YES;
				CLANG_WARN_EMPTY_BODY = YES;
				CLANG_WARN_ENUM_CONVERSION = YES;
				CLANG_WARN_INFINITE_RECURSION = YES;
				CLANG_WARN_INT_CONVERSION = YES;
				CLANG_WARN_NON_LITERAL_NULL_CONVERSION = YES;
				CLANG_WARN_OBJC_IMPLICIT_RETAIN_SELF = YES;
				CLANG_WARN_OBJC_LITERAL_CONVERSION = YES;
				CLANG_WARN_OBJC_ROOT_CLASS = YES_ERROR;
				CLANG_WARN_QUOTED_INCLUDE_IN_FRAMEWORK_HEADER = YES;
				CLANG_WARN_RANGE_LOOP_ANALYSIS = YES;
				CLANG_WARN_STRICT_PROTOTYPES = YES;
				CLANG_WARN_SUSPICIOUS_MOVE = YES;
				CLANG_WARN_UNGUARDED_AVAILABILITY = YES_AGGRESSIVE;
				CLANG_WARN_UNREACHABLE_CODE = YES;
				CLANG_WARN__DUPLICATE_METHOD_MATCH = YES;
				COPY_PHASE_STRIP = NO;
				DEBUG_INFORMATION_FORMAT = dwarf;
				ENABLE_STRICT_OBJC_MSGSEND = YES;
				ENABLE_TESTABILITY = YES;
				GCC_C_LANGUAGE_STANDARD = gnu11;
				GCC_DYNAMIC_NO_PIC = NO;
				GCC_NO_COMMON_BLOCKS = YES;
				GCC_OPTIMIZATION_LEVEL = 0;
				GCC_PREPROCESSOR_DEFINITIONS = (
					"DEBUG=1",
					"$(inherited)",
				);
				GCC_WARN_64_TO_32_BIT_CONVERSION = YES;
				GCC_WARN_ABOUT_RETURN_TYPE = YES_ERROR;
				GCC_WARN_UNDECLARED_SELECTOR = YES;
				GCC_WARN_UNINITIALIZED_AUTOS = YES_AGGRESSIVE;
				GCC_WARN_UNUSED_FUNCTION = YES;
				GCC_WARN_UNUSED_VARIABLE = YES;
				IPHONEOS_DEPLOYMENT_TARGET = 14.5;
				MTL_ENABLE_DEBUG_INFO = INCLUDE_SOURCE;
				MTL_FAST_MATH = YES;
				ONLY_ACTIVE_ARCH = YES;
				SDKROOT = iphoneos;
				SWIFT_ACTIVE_COMPILATION_CONDITIONS = DEBUG;
				SWIFT_OPTIMIZATION_LEVEL = "-Onone";
			};
			name = Debug;
		};
		7D78210826577D9E001C5F90 /* Release */ = {
			isa = XCBuildConfiguration;
			buildSettings = {
				ALWAYS_SEARCH_USER_PATHS = NO;
				CLANG_ANALYZER_NONNULL = YES;
				CLANG_ANALYZER_NUMBER_OBJECT_CONVERSION = YES_AGGRESSIVE;
				CLANG_CXX_LANGUAGE_STANDARD = "gnu++14";
				CLANG_CXX_LIBRARY = "libc++";
				CLANG_ENABLE_MODULES = YES;
				CLANG_ENABLE_OBJC_ARC = YES;
				CLANG_ENABLE_OBJC_WEAK = YES;
				CLANG_WARN_BLOCK_CAPTURE_AUTORELEASING = YES;
				CLANG_WARN_BOOL_CONVERSION = YES;
				CLANG_WARN_COMMA = YES;
				CLANG_WARN_CONSTANT_CONVERSION = YES;
				CLANG_WARN_DEPRECATED_OBJC_IMPLEMENTATIONS = YES;
				CLANG_WARN_DIRECT_OBJC_ISA_USAGE = YES_ERROR;
				CLANG_WARN_DOCUMENTATION_COMMENTS = YES;
				CLANG_WARN_EMPTY_BODY = YES;
				CLANG_WARN_ENUM_CONVERSION = YES;
				CLANG_WARN_INFINITE_RECURSION = YES;
				CLANG_WARN_INT_CONVERSION = YES;
				CLANG_WARN_NON_LITERAL_NULL_CONVERSION = YES;
				CLANG_WARN_OBJC_IMPLICIT_RETAIN_SELF = YES;
				CLANG_WARN_OBJC_LITERAL_CONVERSION = YES;
				CLANG_WARN_OBJC_ROOT_CLASS = YES_ERROR;
				CLANG_WARN_QUOTED_INCLUDE_IN_FRAMEWORK_HEADER = YES;
				CLANG_WARN_RANGE_LOOP_ANALYSIS = YES;
				CLANG_WARN_STRICT_PROTOTYPES = YES;
				CLANG_WARN_SUSPICIOUS_MOVE = YES;
				CLANG_WARN_UNGUARDED_AVAILABILITY = YES_AGGRESSIVE;
				CLANG_WARN_UNREACHABLE_CODE = YES;
				CLANG_WARN__DUPLICATE_METHOD_MATCH = YES;
				COPY_PHASE_STRIP = NO;
				DEBUG_INFORMATION_FORMAT = "dwarf-with-dsym";
				ENABLE_NS_ASSERTIONS = NO;
				ENABLE_STRICT_OBJC_MSGSEND = YES;
				GCC_C_LANGUAGE_STANDARD = gnu11;
				GCC_NO_COMMON_BLOCKS = YES;
				GCC_WARN_64_TO_32_BIT_CONVERSION = YES;
				GCC_WARN_ABOUT_RETURN_TYPE = YES_ERROR;
				GCC_WARN_UNDECLARED_SELECTOR = YES;
				GCC_WARN_UNINITIALIZED_AUTOS = YES_AGGRESSIVE;
				GCC_WARN_UNUSED_FUNCTION = YES;
				GCC_WARN_UNUSED_VARIABLE = YES;
				IPHONEOS_DEPLOYMENT_TARGET = 14.5;
				MTL_ENABLE_DEBUG_INFO = NO;
				MTL_FAST_MATH = YES;
				SDKROOT = iphoneos;
				SWIFT_COMPILATION_MODE = wholemodule;
				SWIFT_OPTIMIZATION_LEVEL = "-O";
				VALIDATE_PRODUCT = YES;
			};
			name = Release;
		};
		7D78210A26577D9E001C5F90 /* Debug */ = {
			isa = XCBuildConfiguration;
			baseConfigurationReference = AC1EDFC768243ED5EFAA9164 /* Pods-ImageSearcher.debug.xcconfig */;
			buildSettings = {
				ASSETCATALOG_COMPILER_APPICON_NAME = AppIcon;
				ASSETCATALOG_COMPILER_GLOBAL_ACCENT_COLOR_NAME = AccentColor;
				CODE_SIGN_STYLE = Automatic;
				DEVELOPMENT_TEAM = JZW6GB7MS9;
				INFOPLIST_FILE = ImageSearcher/Info.plist;
				LD_RUNPATH_SEARCH_PATHS = (
					"$(inherited)",
					"@executable_path/Frameworks",
				);
				PRODUCT_BUNDLE_IDENTIFIER = io.github.hngfu.ImageSearcher;
				PRODUCT_NAME = "$(TARGET_NAME)";
				SWIFT_VERSION = 5.0;
				TARGETED_DEVICE_FAMILY = 1;
			};
			name = Debug;
		};
		7D78210B26577D9E001C5F90 /* Release */ = {
			isa = XCBuildConfiguration;
			baseConfigurationReference = D6D7600ED9634EA2A8A78824 /* Pods-ImageSearcher.release.xcconfig */;
			buildSettings = {
				ASSETCATALOG_COMPILER_APPICON_NAME = AppIcon;
				ASSETCATALOG_COMPILER_GLOBAL_ACCENT_COLOR_NAME = AccentColor;
				CODE_SIGN_STYLE = Automatic;
				DEVELOPMENT_TEAM = JZW6GB7MS9;
				INFOPLIST_FILE = ImageSearcher/Info.plist;
				LD_RUNPATH_SEARCH_PATHS = (
					"$(inherited)",
					"@executable_path/Frameworks",
				);
				PRODUCT_BUNDLE_IDENTIFIER = io.github.hngfu.ImageSearcher;
				PRODUCT_NAME = "$(TARGET_NAME)";
				SWIFT_VERSION = 5.0;
				TARGETED_DEVICE_FAMILY = 1;
			};
			name = Release;
		};
		7D78213E2657FB10001C5F90 /* Debug */ = {
			isa = XCBuildConfiguration;
			buildSettings = {
				BUNDLE_LOADER = "$(TEST_HOST)";
				CODE_SIGN_STYLE = Automatic;
				DEVELOPMENT_TEAM = JZW6GB7MS9;
				INFOPLIST_FILE = ImageSearcherTests/Info.plist;
				LD_RUNPATH_SEARCH_PATHS = (
					"$(inherited)",
					"@executable_path/Frameworks",
					"@loader_path/Frameworks",
				);
				PRODUCT_BUNDLE_IDENTIFIER = io.github.hngfu.ImageSearcherTests;
				PRODUCT_NAME = "$(TARGET_NAME)";
				SWIFT_VERSION = 5.0;
				TARGETED_DEVICE_FAMILY = "1,2";
				TEST_HOST = "$(BUILT_PRODUCTS_DIR)/ImageSearcher.app/ImageSearcher";
			};
			name = Debug;
		};
		7D78213F2657FB10001C5F90 /* Release */ = {
			isa = XCBuildConfiguration;
			buildSettings = {
				BUNDLE_LOADER = "$(TEST_HOST)";
				CODE_SIGN_STYLE = Automatic;
				DEVELOPMENT_TEAM = JZW6GB7MS9;
				INFOPLIST_FILE = ImageSearcherTests/Info.plist;
				LD_RUNPATH_SEARCH_PATHS = (
					"$(inherited)",
					"@executable_path/Frameworks",
					"@loader_path/Frameworks",
				);
				PRODUCT_BUNDLE_IDENTIFIER = io.github.hngfu.ImageSearcherTests;
				PRODUCT_NAME = "$(TARGET_NAME)";
				SWIFT_VERSION = 5.0;
				TARGETED_DEVICE_FAMILY = "1,2";
				TEST_HOST = "$(BUILT_PRODUCTS_DIR)/ImageSearcher.app/ImageSearcher";
			};
			name = Release;
		};
/* End XCBuildConfiguration section */

/* Begin XCConfigurationList section */
		7D7820F026577D9D001C5F90 /* Build configuration list for PBXProject "ImageSearcher" */ = {
			isa = XCConfigurationList;
			buildConfigurations = (
				7D78210726577D9E001C5F90 /* Debug */,
				7D78210826577D9E001C5F90 /* Release */,
			);
			defaultConfigurationIsVisible = 0;
			defaultConfigurationName = Release;
		};
		7D78210926577D9E001C5F90 /* Build configuration list for PBXNativeTarget "ImageSearcher" */ = {
			isa = XCConfigurationList;
			buildConfigurations = (
				7D78210A26577D9E001C5F90 /* Debug */,
				7D78210B26577D9E001C5F90 /* Release */,
			);
			defaultConfigurationIsVisible = 0;
			defaultConfigurationName = Release;
		};
		7D7821402657FB10001C5F90 /* Build configuration list for PBXNativeTarget "ImageSearcherTests" */ = {
			isa = XCConfigurationList;
			buildConfigurations = (
				7D78213E2657FB10001C5F90 /* Debug */,
				7D78213F2657FB10001C5F90 /* Release */,
			);
			defaultConfigurationIsVisible = 0;
			defaultConfigurationName = Release;
		};
/* End XCConfigurationList section */
	};
	rootObject = 7D7820ED26577D9D001C5F90 /* Project object */;
}
